{"projectHash":"8296a80b8193e11644e131ddc4a58b931fb59dce","productModuleName":"CardGameTests","mockedTypeNames":["\/Users\/htelolahy\/Documents\/Perso\/wwo\/CardGame\/Tests\/CardGameTests\/CardGameEngineTests.swift",["CardGameEngineRule"],"\/Users\/htelolahy\/Documents\/Perso\/wwo\/CardGame\/Tests\/CardGameTests\/mocks\/MockCardGameEngineRule.swift",[],"\/Users\/htelolahy\/Documents\/Perso\/wwo\/CardGame\/Tests\/CardGameTests\/mocks\/MockEvent.swift",[]],"cliVersion":"0.20.0","sourceFilePaths":[{"path":"\/Users\/htelolahy\/Documents\/Perso\/wwo\/CardGame\/Tests\/CardGameTests\/CardGameEngineTests.swift","hash":"2b2ec4671f35c5cc0e7472e4eabdeab121187fcb"},{"path":"\/Users\/htelolahy\/Documents\/Perso\/wwo\/CardGame\/Tests\/CardGameTests\/MockingbirdMocks\/CardGameMocks.generated.swift","hash":"19a66faa1b7e4f27b6562fa6fc396068a095a790"},{"path":"\/Users\/htelolahy\/Documents\/Perso\/wwo\/CardGame\/Tests\/CardGameTests\/mocks\/MockCardGameEngineRule.swift","hash":"221035423d24d0154e2bc6f7010c32ca77dfb929"},{"path":"\/Users\/htelolahy\/Documents\/Perso\/wwo\/CardGame\/Tests\/CardGameTests\/mocks\/MockEvent.swift","hash":"d42413bdac98b87b81ccd7e5622a7a139067bebc"}],"sourceRoot":"\/Users\/htelolahy\/Documents\/Perso\/wwo\/CardGame","dependencies":[],"name":"CardGameTests"}