{"cliVersion":"0.20.0","productModuleName":"CardGame","sourceFilePaths":[{"path":"\/Users\/htelolahy\/Documents\/Perso\/wwo\/CardGame\/Sources\/CardGame\/CardGame.swift","hash":"d27567d67bdc879fc364d51379a4c6881c52246a"},{"path":"\/Users\/htelolahy\/Documents\/Perso\/wwo\/CardGame\/Sources\/CardGame\/CardGameEngine.swift","hash":"b830a5637c70f31303e8384315ff336207682ff8"},{"path":"\/Users\/htelolahy\/Documents\/Perso\/wwo\/CardGame\/Sources\/CardGame\/attributes\/IsOver.swift","hash":"4418cd6615a6ccdce8d1bbf5a392073909f00b28"},{"path":"\/Users\/htelolahy\/Documents\/Perso\/wwo\/CardGame\/Sources\/CardGame\/attributes\/LastEvent.swift","hash":"b578d27e3f98694642a54cf409ea6485e42a68d2"},{"path":"\/Users\/htelolahy\/Documents\/Perso\/wwo\/CardGame\/Sources\/CardGame\/events\/Activate.swift","hash":"87bf99cad88c4a933040634eb7233bd2cd65ad54"},{"path":"\/Users\/htelolahy\/Documents\/Perso\/wwo\/CardGame\/Sources\/CardGame\/events\/Cancel.swift","hash":"46d6c28cefc611bf1f80fc60ea450c3521e1e072"},{"path":"\/Users\/htelolahy\/Documents\/Perso\/wwo\/CardGame\/Sources\/CardGame\/events\/Choose.swift","hash":"ed282b6a1ea5519e39dcaf031f942e182cc9fa4e"},{"path":"\/Users\/htelolahy\/Documents\/Perso\/wwo\/CardGame\/Sources\/CardGame\/events\/ChooseOne.swift","hash":"f80659656c08a0e4ebe9d3429fedfbbdf85d2bea"},{"path":"\/Users\/htelolahy\/Documents\/Perso\/wwo\/CardGame\/Sources\/CardGame\/misc\/Event+Equatable.swift","hash":"6e07296cadb51fc585de66308f30da1f94c61b8c"},{"path":"\/Users\/htelolahy\/Documents\/Perso\/wwo\/CardGame\/Sources\/CardGame\/misc\/Game+CardGame.swift","hash":"d82c06a928e25a83c64e12cc5f1b5da3ce4ee9d3"},{"path":"\/Users\/htelolahy\/Documents\/Perso\/wwo\/CardGame\/Sources\/CardGame\/misc\/Result+Extensions.swift","hash":"4d59509b7a1be370d7f2fd9be95baea8ffa38d60"}],"configHash":"0274770a85d0f8c5ed1cb71ccac2a8c06c742ec1","dependencyPathsHash":"da39a3ee5e6b4b0d3255bfef95601890afd80709","targetPathsHash":"2e856bdf84dfc06969d30642ed36ece178d0362d","mockedTypesHash":"c41c31ebcf2532484a1dd4d270f340ce503f0133","outputHash":"19a66faa1b7e4f27b6562fa6fc396068a095a790","dependencies":[],"sourceRoot":"\/Users\/htelolahy\/Documents\/Perso\/wwo\/CardGame","supportingFilePaths":[],"name":"CardGame","projectHash":"8296a80b8193e11644e131ddc4a58b931fb59dce"}