// !$*UTF8*$!
{
	archiveVersion = 1;
	classes = {
	};
	objectVersion = 56;
	objects = {

/* Begin PBXBuildFile section */
		153B705F2C8F9C0B004C531B /* ViewCoordinator.swift in Sources */ = {isa = PBXBuildFile; fileRef = 153B705E2C8F9C0B004C531B /* ViewCoordinator.swift */; };
		153B70612C8F9CB7004C531B /* RootViewCoordinator.swift in Sources */ = {isa = PBXBuildFile; fileRef = 153B70602C8F9CB7004C531B /* RootViewCoordinator.swift */; };
		153B70632C8F9DB3004C531B /* RootView.swift in Sources */ = {isa = PBXBuildFile; fileRef = 153B70622C8F9DB3004C531B /* RootView.swift */; };
		153E2F5B2C50C4A1003E9F54 /* CardsData in Frameworks */ = {isa = PBXBuildFile; productRef = 153E2F5A2C50C4A1003E9F54 /* CardsData */; };
		153E2F5D2C50C4A1003E9F54 /* SettingsData in Frameworks */ = {isa = PBXBuildFile; productRef = 153E2F5C2C50C4A1003E9F54 /* SettingsData */; };
		153E2F5F2C50C6DE003E9F54 /* GameUI in Frameworks */ = {isa = PBXBuildFile; productRef = 153E2F5E2C50C6DE003E9F54 /* GameUI */; };
		153E2F612C50C6DE003E9F54 /* HomeUI in Frameworks */ = {isa = PBXBuildFile; productRef = 153E2F602C50C6DE003E9F54 /* HomeUI */; };
		153E2F632C50C6DE003E9F54 /* SettingsUI in Frameworks */ = {isa = PBXBuildFile; productRef = 153E2F622C50C6DE003E9F54 /* SettingsUI */; };
		153E2F652C50C6DE003E9F54 /* SplashUI in Frameworks */ = {isa = PBXBuildFile; productRef = 153E2F642C50C6DE003E9F54 /* SplashUI */; };
		2699EF0129D93AD00030ACCD /* WildWestOnlineApp.swift in Sources */ = {isa = PBXBuildFile; fileRef = 2699EF0029D93AD00030ACCD /* WildWestOnlineApp.swift */; };
		2699EF0529D93AD10030ACCD /* Assets.xcassets in Resources */ = {isa = PBXBuildFile; fileRef = 2699EF0429D93AD10030ACCD /* Assets.xcassets */; };
/* End PBXBuildFile section */

/* Begin PBXFileReference section */
		153B705E2C8F9C0B004C531B /* ViewCoordinator.swift */ = {isa = PBXFileReference; lastKnownFileType = sourcecode.swift; path = ViewCoordinator.swift; sourceTree = "<group>"; };
		153B70602C8F9CB7004C531B /* RootViewCoordinator.swift */ = {isa = PBXFileReference; lastKnownFileType = sourcecode.swift; path = RootViewCoordinator.swift; sourceTree = "<group>"; };
		153B70622C8F9DB3004C531B /* RootView.swift */ = {isa = PBXFileReference; lastKnownFileType = sourcecode.swift; path = RootView.swift; sourceTree = "<group>"; };
		2699EEFD29D93AD00030ACCD /* WildWestOnline.app */ = {isa = PBXFileReference; explicitFileType = wrapper.application; includeInIndex = 0; path = WildWestOnline.app; sourceTree = BUILT_PRODUCTS_DIR; };
		2699EF0029D93AD00030ACCD /* WildWestOnlineApp.swift */ = {isa = PBXFileReference; lastKnownFileType = sourcecode.swift; path = WildWestOnlineApp.swift; sourceTree = "<group>"; };
		2699EF0429D93AD10030ACCD /* Assets.xcassets */ = {isa = PBXFileReference; lastKnownFileType = folder.assetcatalog; path = Assets.xcassets; sourceTree = "<group>"; };
		2699EF0629D93AD10030ACCD /* WildWestOnline.entitlements */ = {isa = PBXFileReference; lastKnownFileType = text.plist.entitlements; path = WildWestOnline.entitlements; sourceTree = "<group>"; };
		269ABC6C2B081B78008D3181 /* WildWestOnline.xctestplan */ = {isa = PBXFileReference; lastKnownFileType = text; path = WildWestOnline.xctestplan; sourceTree = "<group>"; };
		26DD32B829F3D646002E0F93 /* WildWestOnline */ = {isa = PBXFileReference; lastKnownFileType = wrapper; path = WildWestOnline; sourceTree = "<group>"; };
		F37D85E02A0438EE00C3A754 /* README.md */ = {isa = PBXFileReference; lastKnownFileType = net.daringfireball.markdown; path = README.md; sourceTree = "<group>"; };
/* End PBXFileReference section */

/* Begin PBXFrameworksBuildPhase section */
		2699EEFA29D93AD00030ACCD /* Frameworks */ = {
			isa = PBXFrameworksBuildPhase;
			buildActionMask = 2147483647;
			files = (
				153E2F5F2C50C6DE003E9F54 /* GameUI in Frameworks */,
				153E2F652C50C6DE003E9F54 /* SplashUI in Frameworks */,
				153E2F612C50C6DE003E9F54 /* HomeUI in Frameworks */,
				153E2F632C50C6DE003E9F54 /* SettingsUI in Frameworks */,
				153E2F5D2C50C4A1003E9F54 /* SettingsData in Frameworks */,
				153E2F5B2C50C4A1003E9F54 /* CardsData in Frameworks */,
			);
			runOnlyForDeploymentPostprocessing = 0;
		};
/* End PBXFrameworksBuildPhase section */

/* Begin PBXGroup section */
		15BB90682C02AA5C0075BD78 /* App */ = {
			isa = PBXGroup;
			children = (
				2699EF0029D93AD00030ACCD /* WildWestOnlineApp.swift */,
				153B70622C8F9DB3004C531B /* RootView.swift */,
				153B70602C8F9CB7004C531B /* RootViewCoordinator.swift */,
				153B705E2C8F9C0B004C531B /* ViewCoordinator.swift */,
				2699EF0629D93AD10030ACCD /* WildWestOnline.entitlements */,
				269ABC6C2B081B78008D3181 /* WildWestOnline.xctestplan */,
				2699EF0429D93AD10030ACCD /* Assets.xcassets */,
			);
			path = App;
			sourceTree = "<group>";
		};
		2653DAE829DA2ADD007EAE71 /* Frameworks */ = {
			isa = PBXGroup;
			children = (
			);
			name = Frameworks;
			sourceTree = "<group>";
		};
		2699EEF429D93AD00030ACCD = {
			isa = PBXGroup;
			children = (
				F37D85E02A0438EE00C3A754 /* README.md */,
				15BB90682C02AA5C0075BD78 /* App */,
				26DD32B829F3D646002E0F93 /* WildWestOnline */,
				2699EEFE29D93AD00030ACCD /* Products */,
				2653DAE829DA2ADD007EAE71 /* Frameworks */,
			);
			sourceTree = "<group>";
		};
		2699EEFE29D93AD00030ACCD /* Products */ = {
			isa = PBXGroup;
			children = (
				2699EEFD29D93AD00030ACCD /* WildWestOnline.app */,
			);
			name = Products;
			sourceTree = "<group>";
		};
/* End PBXGroup section */

/* Begin PBXNativeTarget section */
		2699EEFC29D93AD00030ACCD /* WildWestOnline */ = {
			isa = PBXNativeTarget;
			buildConfigurationList = 2699EF2229D93AD10030ACCD /* Build configuration list for PBXNativeTarget "WildWestOnline" */;
			buildPhases = (
				2699EEF929D93AD00030ACCD /* Sources */,
				2699EEFA29D93AD00030ACCD /* Frameworks */,
				2699EEFB29D93AD00030ACCD /* Resources */,
			);
			buildRules = (
			);
			dependencies = (
			);
			name = WildWestOnline;
			packageProductDependencies = (
				153E2F5A2C50C4A1003E9F54 /* CardsData */,
				153E2F5C2C50C4A1003E9F54 /* SettingsData */,
				153E2F5E2C50C6DE003E9F54 /* GameUI */,
				153E2F602C50C6DE003E9F54 /* HomeUI */,
				153E2F622C50C6DE003E9F54 /* SettingsUI */,
				153E2F642C50C6DE003E9F54 /* SplashUI */,
			);
			productName = ReduxGameDSL;
			productReference = 2699EEFD29D93AD00030ACCD /* WildWestOnline.app */;
			productType = "com.apple.product-type.application";
		};
/* End PBXNativeTarget section */

/* Begin PBXProject section */
		2699EEF529D93AD00030ACCD /* Project object */ = {
			isa = PBXProject;
			attributes = {
				BuildIndependentTargetsInParallel = 1;
				LastSwiftUpdateCheck = 1420;
				LastUpgradeCheck = 1530;
				TargetAttributes = {
					2699EEFC29D93AD00030ACCD = {
						CreatedOnToolsVersion = 14.2;
					};
				};
			};
			buildConfigurationList = 2699EEF829D93AD00030ACCD /* Build configuration list for PBXProject "WildWestOnline" */;
			compatibilityVersion = "Xcode 14.0";
			developmentRegion = en;
			hasScannedForEncodings = 0;
			knownRegions = (
				en,
				Base,
				fr,
			);
			mainGroup = 2699EEF429D93AD00030ACCD;
			productRefGroup = 2699EEFE29D93AD00030ACCD /* Products */;
			projectDirPath = "";
			projectRoot = "";
			targets = (
				2699EEFC29D93AD00030ACCD /* WildWestOnline */,
			);
		};
/* End PBXProject section */

/* Begin PBXResourcesBuildPhase section */
		2699EEFB29D93AD00030ACCD /* Resources */ = {
			isa = PBXResourcesBuildPhase;
			buildActionMask = 2147483647;
			files = (
				2699EF0529D93AD10030ACCD /* Assets.xcassets in Resources */,
			);
			runOnlyForDeploymentPostprocessing = 0;
		};
/* End PBXResourcesBuildPhase section */

/* Begin PBXSourcesBuildPhase section */
		2699EEF929D93AD00030ACCD /* Sources */ = {
			isa = PBXSourcesBuildPhase;
			buildActionMask = 2147483647;
			files = (
				153B70632C8F9DB3004C531B /* RootView.swift in Sources */,
				2699EF0129D93AD00030ACCD /* WildWestOnlineApp.swift in Sources */,
				153B70612C8F9CB7004C531B /* RootViewCoordinator.swift in Sources */,
				153B705F2C8F9C0B004C531B /* ViewCoordinator.swift in Sources */,
			);
			runOnlyForDeploymentPostprocessing = 0;
		};
/* End PBXSourcesBuildPhase section */

/* Begin XCBuildConfiguration section */
		2699EF2029D93AD10030ACCD /* Debug */ = {
			isa = XCBuildConfiguration;
			buildSettings = {
				ALWAYS_SEARCH_USER_PATHS = NO;
				ASSETCATALOG_COMPILER_GENERATE_SWIFT_ASSET_SYMBOL_EXTENSIONS = YES;
				CLANG_ANALYZER_LOCALIZABILITY_NONLOCALIZED = YES;
				CLANG_ANALYZER_NONNULL = YES;
				CLANG_ANALYZER_NUMBER_OBJECT_CONVERSION = YES_AGGRESSIVE;
				CLANG_CXX_LANGUAGE_STANDARD = "gnu++20";
				CLANG_ENABLE_MODULES = YES;
				CLANG_ENABLE_OBJC_ARC = YES;
				CLANG_ENABLE_OBJC_WEAK = YES;
				CLANG_WARN_BLOCK_CAPTURE_AUTORELEASING = YES;
				CLANG_WARN_BOOL_CONVERSION = YES;
				CLANG_WARN_COMMA = YES;
				CLANG_WARN_CONSTANT_CONVERSION = YES;
				CLANG_WARN_DEPRECATED_OBJC_IMPLEMENTATIONS = YES;
				CLANG_WARN_DIRECT_OBJC_ISA_USAGE = YES_ERROR;
				CLANG_WARN_DOCUMENTATION_COMMENTS = YES;
				CLANG_WARN_EMPTY_BODY = YES;
				CLANG_WARN_ENUM_CONVERSION = YES;
				CLANG_WARN_INFINITE_RECURSION = YES;
				CLANG_WARN_INT_CONVERSION = YES;
				CLANG_WARN_NON_LITERAL_NULL_CONVERSION = YES;
				CLANG_WARN_OBJC_IMPLICIT_RETAIN_SELF = YES;
				CLANG_WARN_OBJC_LITERAL_CONVERSION = YES;
				CLANG_WARN_OBJC_ROOT_CLASS = YES_ERROR;
				CLANG_WARN_QUOTED_INCLUDE_IN_FRAMEWORK_HEADER = YES;
				CLANG_WARN_RANGE_LOOP_ANALYSIS = YES;
				CLANG_WARN_STRICT_PROTOTYPES = YES;
				CLANG_WARN_SUSPICIOUS_MOVE = YES;
				CLANG_WARN_UNGUARDED_AVAILABILITY = YES_AGGRESSIVE;
				CLANG_WARN_UNREACHABLE_CODE = YES;
				CLANG_WARN__DUPLICATE_METHOD_MATCH = YES;
				COPY_PHASE_STRIP = NO;
				DEAD_CODE_STRIPPING = YES;
				DEBUG_INFORMATION_FORMAT = dwarf;
				ENABLE_STRICT_OBJC_MSGSEND = YES;
				ENABLE_TESTABILITY = YES;
				ENABLE_USER_SCRIPT_SANDBOXING = YES;
				GCC_C_LANGUAGE_STANDARD = gnu11;
				GCC_DYNAMIC_NO_PIC = NO;
				GCC_NO_COMMON_BLOCKS = YES;
				GCC_OPTIMIZATION_LEVEL = 0;
				GCC_PREPROCESSOR_DEFINITIONS = (
					"DEBUG=1",
					"$(inherited)",
				);
				GCC_WARN_64_TO_32_BIT_CONVERSION = YES;
				GCC_WARN_ABOUT_RETURN_TYPE = YES_ERROR;
				GCC_WARN_UNDECLARED_SELECTOR = YES;
				GCC_WARN_UNINITIALIZED_AUTOS = YES_AGGRESSIVE;
				GCC_WARN_UNUSED_FUNCTION = YES;
				GCC_WARN_UNUSED_VARIABLE = YES;
				IPHONEOS_DEPLOYMENT_TARGET = 16.0;
				MACOSX_DEPLOYMENT_TARGET = 13.0;
				MTL_ENABLE_DEBUG_INFO = INCLUDE_SOURCE;
				MTL_FAST_MATH = YES;
				ONLY_ACTIVE_ARCH = YES;
				SWIFT_ACTIVE_COMPILATION_CONDITIONS = DEBUG;
				SWIFT_OPTIMIZATION_LEVEL = "-Onone";
			};
			name = Debug;
		};
		2699EF2129D93AD10030ACCD /* Release */ = {
			isa = XCBuildConfiguration;
			buildSettings = {
				ALWAYS_SEARCH_USER_PATHS = NO;
				ASSETCATALOG_COMPILER_GENERATE_SWIFT_ASSET_SYMBOL_EXTENSIONS = YES;
				CLANG_ANALYZER_LOCALIZABILITY_NONLOCALIZED = YES;
				CLANG_ANALYZER_NONNULL = YES;
				CLANG_ANALYZER_NUMBER_OBJECT_CONVERSION = YES_AGGRESSIVE;
				CLANG_CXX_LANGUAGE_STANDARD = "gnu++20";
				CLANG_ENABLE_MODULES = YES;
				CLANG_ENABLE_OBJC_ARC = YES;
				CLANG_ENABLE_OBJC_WEAK = YES;
				CLANG_WARN_BLOCK_CAPTURE_AUTORELEASING = YES;
				CLANG_WARN_BOOL_CONVERSION = YES;
				CLANG_WARN_COMMA = YES;
				CLANG_WARN_CONSTANT_CONVERSION = YES;
				CLANG_WARN_DEPRECATED_OBJC_IMPLEMENTATIONS = YES;
				CLANG_WARN_DIRECT_OBJC_ISA_USAGE = YES_ERROR;
				CLANG_WARN_DOCUMENTATION_COMMENTS = YES;
				CLANG_WARN_EMPTY_BODY = YES;
				CLANG_WARN_ENUM_CONVERSION = YES;
				CLANG_WARN_INFINITE_RECURSION = YES;
				CLANG_WARN_INT_CONVERSION = YES;
				CLANG_WARN_NON_LITERAL_NULL_CONVERSION = YES;
				CLANG_WARN_OBJC_IMPLICIT_RETAIN_SELF = YES;
				CLANG_WARN_OBJC_LITERAL_CONVERSION = YES;
				CLANG_WARN_OBJC_ROOT_CLASS = YES_ERROR;
				CLANG_WARN_QUOTED_INCLUDE_IN_FRAMEWORK_HEADER = YES;
				CLANG_WARN_RANGE_LOOP_ANALYSIS = YES;
				CLANG_WARN_STRICT_PROTOTYPES = YES;
				CLANG_WARN_SUSPICIOUS_MOVE = YES;
				CLANG_WARN_UNGUARDED_AVAILABILITY = YES_AGGRESSIVE;
				CLANG_WARN_UNREACHABLE_CODE = YES;
				CLANG_WARN__DUPLICATE_METHOD_MATCH = YES;
				COPY_PHASE_STRIP = NO;
				DEAD_CODE_STRIPPING = YES;
				DEBUG_INFORMATION_FORMAT = "dwarf-with-dsym";
				ENABLE_NS_ASSERTIONS = NO;
				ENABLE_STRICT_OBJC_MSGSEND = YES;
				ENABLE_USER_SCRIPT_SANDBOXING = YES;
				GCC_C_LANGUAGE_STANDARD = gnu11;
				GCC_NO_COMMON_BLOCKS = YES;
				GCC_WARN_64_TO_32_BIT_CONVERSION = YES;
				GCC_WARN_ABOUT_RETURN_TYPE = YES_ERROR;
				GCC_WARN_UNDECLARED_SELECTOR = YES;
				GCC_WARN_UNINITIALIZED_AUTOS = YES_AGGRESSIVE;
				GCC_WARN_UNUSED_FUNCTION = YES;
				GCC_WARN_UNUSED_VARIABLE = YES;
				IPHONEOS_DEPLOYMENT_TARGET = 16.0;
				MACOSX_DEPLOYMENT_TARGET = 13.0;
				MTL_ENABLE_DEBUG_INFO = NO;
				MTL_FAST_MATH = YES;
				SWIFT_COMPILATION_MODE = wholemodule;
				SWIFT_OPTIMIZATION_LEVEL = "-O";
			};
			name = Release;
		};
		2699EF2329D93AD10030ACCD /* Debug */ = {
			isa = XCBuildConfiguration;
			buildSettings = {
				ASSETCATALOG_COMPILER_APPICON_NAME = AppIcon;
				ASSETCATALOG_COMPILER_GLOBAL_ACCENT_COLOR_NAME = AccentColor;
				CODE_SIGN_ENTITLEMENTS = App/WildWestOnline.entitlements;
				CURRENT_PROJECT_VERSION = 1;
				DEAD_CODE_STRIPPING = YES;
				"DEVELOPMENT_TEAM[sdk=iphoneos*]" = MDE3YTL7P4;
				"DEVELOPMENT_TEAM[sdk=macosx*]" = "";
				ENABLE_PREVIEWS = YES;
				ENABLE_USER_SCRIPT_SANDBOXING = NO;
				GENERATE_INFOPLIST_FILE = YES;
				INFOPLIST_KEY_CFBundleDisplayName = "WildWest Online";
				"INFOPLIST_KEY_UIApplicationSceneManifest_Generation[sdk=iphoneos*]" = YES;
				"INFOPLIST_KEY_UIApplicationSceneManifest_Generation[sdk=iphonesimulator*]" = YES;
				"INFOPLIST_KEY_UIApplicationSupportsIndirectInputEvents[sdk=iphoneos*]" = YES;
				"INFOPLIST_KEY_UIApplicationSupportsIndirectInputEvents[sdk=iphonesimulator*]" = YES;
				"INFOPLIST_KEY_UILaunchScreen_Generation[sdk=iphoneos*]" = YES;
				"INFOPLIST_KEY_UILaunchScreen_Generation[sdk=iphonesimulator*]" = YES;
				"INFOPLIST_KEY_UIStatusBarStyle[sdk=iphoneos*]" = UIStatusBarStyleDefault;
				"INFOPLIST_KEY_UIStatusBarStyle[sdk=iphonesimulator*]" = UIStatusBarStyleDefault;
				INFOPLIST_KEY_UISupportedInterfaceOrientations = UIInterfaceOrientationLandscapeRight;
				INFOPLIST_KEY_UISupportedInterfaceOrientations_iPad = "UIInterfaceOrientationLandscapeLeft UIInterfaceOrientationLandscapeRight UIInterfaceOrientationPortrait UIInterfaceOrientationPortraitUpsideDown";
				LD_RUNPATH_SEARCH_PATHS = "@executable_path/Frameworks";
				"LD_RUNPATH_SEARCH_PATHS[sdk=macosx*]" = "@executable_path/../Frameworks";
				MARKETING_VERSION = 1.0;
				"OTHER_SWIFT_FLAGS[arch=*]" = "-Xfrontend -warn-long-expression-type-checking=10 -Xfrontend -warn-long-function-bodies=10";
				PRODUCT_BUNDLE_IDENTIFIER = com.creativegames.wwo;
				PRODUCT_NAME = "$(TARGET_NAME)";
				"PROVISIONING_PROFILE_SPECIFIER[sdk=iphoneos*]" = "Generic AppID - Development";
				"PROVISIONING_PROFILE_SPECIFIER[sdk=macosx*]" = "";
				SDKROOT = auto;
				SUPPORTED_PLATFORMS = "iphoneos iphonesimulator macosx";
				SWIFT_EMIT_LOC_STRINGS = YES;
				SWIFT_VERSION = 6.0;
				TARGETED_DEVICE_FAMILY = "1,2";
			};
			name = Debug;
		};
		2699EF2429D93AD10030ACCD /* Release */ = {
			isa = XCBuildConfiguration;
			buildSettings = {
				ASSETCATALOG_COMPILER_APPICON_NAME = AppIcon;
				ASSETCATALOG_COMPILER_GLOBAL_ACCENT_COLOR_NAME = AccentColor;
				CODE_SIGN_ENTITLEMENTS = App/WildWestOnline.entitlements;
				CURRENT_PROJECT_VERSION = 1;
				DEAD_CODE_STRIPPING = YES;
				"DEVELOPMENT_TEAM[sdk=iphoneos*]" = MDE3YTL7P4;
				"DEVELOPMENT_TEAM[sdk=macosx*]" = "";
				ENABLE_PREVIEWS = YES;
				ENABLE_USER_SCRIPT_SANDBOXING = NO;
				GENERATE_INFOPLIST_FILE = YES;
				INFOPLIST_KEY_CFBundleDisplayName = "WildWest Online";
				"INFOPLIST_KEY_UIApplicationSceneManifest_Generation[sdk=iphoneos*]" = YES;
				"INFOPLIST_KEY_UIApplicationSceneManifest_Generation[sdk=iphonesimulator*]" = YES;
				"INFOPLIST_KEY_UIApplicationSupportsIndirectInputEvents[sdk=iphoneos*]" = YES;
				"INFOPLIST_KEY_UIApplicationSupportsIndirectInputEvents[sdk=iphonesimulator*]" = YES;
				"INFOPLIST_KEY_UILaunchScreen_Generation[sdk=iphoneos*]" = YES;
				"INFOPLIST_KEY_UILaunchScreen_Generation[sdk=iphonesimulator*]" = YES;
				"INFOPLIST_KEY_UIStatusBarStyle[sdk=iphoneos*]" = UIStatusBarStyleDefault;
				"INFOPLIST_KEY_UIStatusBarStyle[sdk=iphonesimulator*]" = UIStatusBarStyleDefault;
				INFOPLIST_KEY_UISupportedInterfaceOrientations = UIInterfaceOrientationLandscapeRight;
				INFOPLIST_KEY_UISupportedInterfaceOrientations_iPad = "UIInterfaceOrientationLandscapeLeft UIInterfaceOrientationLandscapeRight UIInterfaceOrientationPortrait UIInterfaceOrientationPortraitUpsideDown";
				LD_RUNPATH_SEARCH_PATHS = "@executable_path/Frameworks";
				"LD_RUNPATH_SEARCH_PATHS[sdk=macosx*]" = "@executable_path/../Frameworks";
				MARKETING_VERSION = 1.0;
				PRODUCT_BUNDLE_IDENTIFIER = com.creativegames.wwo;
				PRODUCT_NAME = "$(TARGET_NAME)";
				"PROVISIONING_PROFILE_SPECIFIER[sdk=iphoneos*]" = "Generic AppID - Development";
				"PROVISIONING_PROFILE_SPECIFIER[sdk=macosx*]" = "";
				SDKROOT = auto;
				SUPPORTED_PLATFORMS = "iphoneos iphonesimulator macosx";
				SWIFT_EMIT_LOC_STRINGS = YES;
				SWIFT_VERSION = 6.0;
				TARGETED_DEVICE_FAMILY = "1,2";
			};
			name = Release;
		};
/* End XCBuildConfiguration section */

/* Begin XCConfigurationList section */
		2699EEF829D93AD00030ACCD /* Build configuration list for PBXProject "WildWestOnline" */ = {
			isa = XCConfigurationList;
			buildConfigurations = (
				2699EF2029D93AD10030ACCD /* Debug */,
				2699EF2129D93AD10030ACCD /* Release */,
			);
			defaultConfigurationIsVisible = 0;
			defaultConfigurationName = Release;
		};
		2699EF2229D93AD10030ACCD /* Build configuration list for PBXNativeTarget "WildWestOnline" */ = {
			isa = XCConfigurationList;
			buildConfigurations = (
				2699EF2329D93AD10030ACCD /* Debug */,
				2699EF2429D93AD10030ACCD /* Release */,
			);
			defaultConfigurationIsVisible = 0;
			defaultConfigurationName = Release;
		};
/* End XCConfigurationList section */

/* Begin XCSwiftPackageProductDependency section */
		153E2F5A2C50C4A1003E9F54 /* CardsData */ = {
			isa = XCSwiftPackageProductDependency;
			productName = CardsData;
		};
		153E2F5C2C50C4A1003E9F54 /* SettingsData */ = {
			isa = XCSwiftPackageProductDependency;
			productName = SettingsData;
		};
		153E2F5E2C50C6DE003E9F54 /* GameUI */ = {
			isa = XCSwiftPackageProductDependency;
			productName = GameUI;
		};
		153E2F602C50C6DE003E9F54 /* HomeUI */ = {
			isa = XCSwiftPackageProductDependency;
			productName = HomeUI;
		};
		153E2F622C50C6DE003E9F54 /* SettingsUI */ = {
			isa = XCSwiftPackageProductDependency;
			productName = SettingsUI;
		};
		153E2F642C50C6DE003E9F54 /* SplashUI */ = {
			isa = XCSwiftPackageProductDependency;
			productName = SplashUI;
		};
/* End XCSwiftPackageProductDependency section */
	};
	rootObject = 2699EEF529D93AD00030ACCD /* Project object */;
}
